// !$*UTF8*$!
{
	archiveVersion = 1;
	classes = {
	};
	objectVersion = 56;
	objects = {

/* Begin PBXBuildFile section */
		48710F172996C223B9E3560C /* Pods_notificationsvc.framework in Frameworks */ = {isa = PBXBuildFile; fileRef = A8532EC6E9937ED9843F3061 /* Pods_notificationsvc.framework */; };
		646D27C32D8A001800A21509 /* FlagsmithClient in Frameworks */ = {isa = PBXBuildFile; productRef = 646D27C22D8A001800A21509 /* FlagsmithClient */; };
		646D27C62D8A002300A21509 /* SdkPushExpress in Frameworks */ = {isa = PBXBuildFile; productRef = 646D27C52D8A002300A21509 /* SdkPushExpress */; };
		646D27CE2D8A004E00A21509 /* NotificationService.swift in Sources */ = {isa = PBXBuildFile; fileRef = 646D27CD2D8A004E00A21509 /* NotificationService.swift */; };
		646D27D22D8A004E00A21509 /* notificationsvc.appex in Embed Foundation Extensions */ = {isa = PBXBuildFile; fileRef = 646D27CB2D8A004E00A21509 /* notificationsvc.appex */; settings = {ATTRIBUTES = (RemoveHeadersOnCopy, ); }; };
		646D27D92D8A005700A21509 /* SdkPushExpress in Frameworks */ = {isa = PBXBuildFile; productRef = 646D27D82D8A005700A21509 /* SdkPushExpress */; };
		646D27DC2D8A014D00A21509 /* InitView.swift in Sources */ = {isa = PBXBuildFile; fileRef = 646D27DB2D8A014D00A21509 /* InitView.swift */; };
		64C83A4D2D82FBAC008E24A4 /* AppDelegate.swift in Sources */ = {isa = PBXBuildFile; fileRef = 64C83A4C2D82FBAC008E24A4 /* AppDelegate.swift */; };
		64C83A4F2D82FBAC008E24A4 /* SceneDelegate.swift in Sources */ = {isa = PBXBuildFile; fileRef = 64C83A4E2D82FBAC008E24A4 /* SceneDelegate.swift */; };
		64C83A512D82FBAC008E24A4 /* ViewController.swift in Sources */ = {isa = PBXBuildFile; fileRef = 64C83A502D82FBAC008E24A4 /* ViewController.swift */; };
		64C83A542D82FBAC008E24A4 /* Base in Resources */ = {isa = PBXBuildFile; fileRef = 64C83A532D82FBAC008E24A4 /* Base */; };
		64C83A562D82FBAD008E24A4 /* Assets.xcassets in Resources */ = {isa = PBXBuildFile; fileRef = 64C83A552D82FBAD008E24A4 /* Assets.xcassets */; };
		64C83A592D82FBAD008E24A4 /* Base in Resources */ = {isa = PBXBuildFile; fileRef = 64C83A582D82FBAD008E24A4 /* Base */; };
		64C83A632D82FD1F008E24A4 /* WelcomeView.swift in Sources */ = {isa = PBXBuildFile; fileRef = 64C83A622D82FD1F008E24A4 /* WelcomeView.swift */; };
		64C83A662D82FF71008E24A4 /* PagesView.swift in Sources */ = {isa = PBXBuildFile; fileRef = 64C83A652D82FF71008E24A4 /* PagesView.swift */; };
		64C83A692D83056E008E24A4 /* HomeView.swift in Sources */ = {isa = PBXBuildFile; fileRef = 64C83A682D83056E008E24A4 /* HomeView.swift */; };
		64C83A6C2D83057C008E24A4 /* RandomView.swift in Sources */ = {isa = PBXBuildFile; fileRef = 64C83A6B2D83057C008E24A4 /* RandomView.swift */; };
		64C83A6F2D830589008E24A4 /* SearchView.swift in Sources */ = {isa = PBXBuildFile; fileRef = 64C83A6E2D830589008E24A4 /* SearchView.swift */; };
		64C83A722D830596008E24A4 /* FavoritesView.swift in Sources */ = {isa = PBXBuildFile; fileRef = 64C83A712D830596008E24A4 /* FavoritesView.swift */; };
		64C83A752D8305A0008E24A4 /* SettingsView.swift in Sources */ = {isa = PBXBuildFile; fileRef = 64C83A742D8305A0008E24A4 /* SettingsView.swift */; };
		64C83A782D830D4F008E24A4 /* LargeCell.swift in Sources */ = {isa = PBXBuildFile; fileRef = 64C83A772D830D4F008E24A4 /* LargeCell.swift */; };
		64C83A7A2D830F4E008E24A4 /* CustomScroll.swift in Sources */ = {isa = PBXBuildFile; fileRef = 64C83A792D830F4E008E24A4 /* CustomScroll.swift */; };
		64C83A7F2D834FD3008E24A4 /* DataManager.swift in Sources */ = {isa = PBXBuildFile; fileRef = 64C83A7E2D834FD3008E24A4 /* DataManager.swift */; };
		64C83A832D844ADE008E24A4 /* GameDetailView.swift in Sources */ = {isa = PBXBuildFile; fileRef = 64C83A822D844ADE008E24A4 /* GameDetailView.swift */; };
		64C83A862D88564D008E24A4 /* RealmSwift in Frameworks */ = {isa = PBXBuildFile; productRef = 64C83A852D88564D008E24A4 /* RealmSwift */; };
		64C83A872D885658008E24A4 /* RealmSwift in Embed Frameworks */ = {isa = PBXBuildFile; productRef = 64C83A852D88564D008E24A4 /* RealmSwift */; settings = {ATTRIBUTES = (CodeSignOnCopy, ); }; };
		64C83A8B2D885666008E24A4 /* FavoriteGameManager.swift in Sources */ = {isa = PBXBuildFile; fileRef = 64C83A8A2D885666008E24A4 /* FavoriteGameManager.swift */; };
		64C83A8D2D897252008E24A4 /* NotificationView.swift in Sources */ = {isa = PBXBuildFile; fileRef = 64C83A8C2D897252008E24A4 /* NotificationView.swift */; };
		E364D5429EB0F25A119F8BA5 /* Pods_Bway.framework in Frameworks */ = {isa = PBXBuildFile; fileRef = 45BF5640C23297E26D2EF2D8 /* Pods_Bway.framework */; };
/* End PBXBuildFile section */

/* Begin PBXContainerItemProxy section */
		646D27D02D8A004E00A21509 /* PBXContainerItemProxy */ = {
			isa = PBXContainerItemProxy;
			containerPortal = 64C83A412D82FBAC008E24A4 /* Project object */;
			proxyType = 1;
			remoteGlobalIDString = 646D27CA2D8A004E00A21509;
			remoteInfo = notificationsvc;
		};
/* End PBXContainerItemProxy section */

/* Begin PBXCopyFilesBuildPhase section */
		646D27D62D8A004E00A21509 /* Embed Foundation Extensions */ = {
			isa = PBXCopyFilesBuildPhase;
			buildActionMask = 2147483647;
			dstPath = "";
			dstSubfolderSpec = 13;
			files = (
				646D27D22D8A004E00A21509 /* notificationsvc.appex in Embed Foundation Extensions */,
			);
			name = "Embed Foundation Extensions";
			runOnlyForDeploymentPostprocessing = 0;
		};
		64C83A882D885658008E24A4 /* Embed Frameworks */ = {
			isa = PBXCopyFilesBuildPhase;
			buildActionMask = 2147483647;
			dstPath = "";
			dstSubfolderSpec = 10;
			files = (
				64C83A872D885658008E24A4 /* RealmSwift in Embed Frameworks */,
			);
			name = "Embed Frameworks";
			runOnlyForDeploymentPostprocessing = 0;
		};
/* End PBXCopyFilesBuildPhase section */

/* Begin PBXFileReference section */
		1278FB6F9B4FEB94BA67736F /* Pods-Bway.release.xcconfig */ = {isa = PBXFileReference; includeInIndex = 1; lastKnownFileType = text.xcconfig; name = "Pods-Bway.release.xcconfig"; path = "Target Support Files/Pods-Bway/Pods-Bway.release.xcconfig"; sourceTree = "<group>"; };
		45BF5640C23297E26D2EF2D8 /* Pods_Bway.framework */ = {isa = PBXFileReference; explicitFileType = wrapper.framework; includeInIndex = 0; path = Pods_Bway.framework; sourceTree = BUILT_PRODUCTS_DIR; };
		646D27CB2D8A004E00A21509 /* notificationsvc.appex */ = {isa = PBXFileReference; explicitFileType = "wrapper.app-extension"; includeInIndex = 0; path = notificationsvc.appex; sourceTree = BUILT_PRODUCTS_DIR; };
		646D27CD2D8A004E00A21509 /* NotificationService.swift */ = {isa = PBXFileReference; lastKnownFileType = sourcecode.swift; path = NotificationService.swift; sourceTree = "<group>"; };
		646D27CF2D8A004E00A21509 /* Info.plist */ = {isa = PBXFileReference; lastKnownFileType = text.plist.xml; path = Info.plist; sourceTree = "<group>"; };
		646D27DB2D8A014D00A21509 /* InitView.swift */ = {isa = PBXFileReference; lastKnownFileType = sourcecode.swift; path = InitView.swift; sourceTree = "<group>"; };
		646D27DD2D8A01BC00A21509 /* Bway.entitlements */ = {isa = PBXFileReference; lastKnownFileType = text.plist.entitlements; path = Bway.entitlements; sourceTree = "<group>"; };
		64C83A492D82FBAC008E24A4 /* Bway.app */ = {isa = PBXFileReference; explicitFileType = wrapper.application; includeInIndex = 0; path = Bway.app; sourceTree = BUILT_PRODUCTS_DIR; };
		64C83A4C2D82FBAC008E24A4 /* AppDelegate.swift */ = {isa = PBXFileReference; lastKnownFileType = sourcecode.swift; path = AppDelegate.swift; sourceTree = "<group>"; };
		64C83A4E2D82FBAC008E24A4 /* SceneDelegate.swift */ = {isa = PBXFileReference; lastKnownFileType = sourcecode.swift; path = SceneDelegate.swift; sourceTree = "<group>"; };
		64C83A502D82FBAC008E24A4 /* ViewController.swift */ = {isa = PBXFileReference; lastKnownFileType = sourcecode.swift; path = ViewController.swift; sourceTree = "<group>"; };
		64C83A532D82FBAC008E24A4 /* Base */ = {isa = PBXFileReference; lastKnownFileType = file.storyboard; name = Base; path = Base.lproj/Main.storyboard; sourceTree = "<group>"; };
		64C83A552D82FBAD008E24A4 /* Assets.xcassets */ = {isa = PBXFileReference; lastKnownFileType = folder.assetcatalog; path = Assets.xcassets; sourceTree = "<group>"; };
		64C83A582D82FBAD008E24A4 /* Base */ = {isa = PBXFileReference; lastKnownFileType = file.storyboard; name = Base; path = Base.lproj/LaunchScreen.storyboard; sourceTree = "<group>"; };
		64C83A5A2D82FBAD008E24A4 /* Info.plist */ = {isa = PBXFileReference; lastKnownFileType = text.plist.xml; path = Info.plist; sourceTree = "<group>"; };
		64C83A622D82FD1F008E24A4 /* WelcomeView.swift */ = {isa = PBXFileReference; lastKnownFileType = sourcecode.swift; path = WelcomeView.swift; sourceTree = "<group>"; };
		64C83A652D82FF71008E24A4 /* PagesView.swift */ = {isa = PBXFileReference; lastKnownFileType = sourcecode.swift; path = PagesView.swift; sourceTree = "<group>"; };
		64C83A682D83056E008E24A4 /* HomeView.swift */ = {isa = PBXFileReference; lastKnownFileType = sourcecode.swift; path = HomeView.swift; sourceTree = "<group>"; };
		64C83A6B2D83057C008E24A4 /* RandomView.swift */ = {isa = PBXFileReference; lastKnownFileType = sourcecode.swift; path = RandomView.swift; sourceTree = "<group>"; };
		64C83A6E2D830589008E24A4 /* SearchView.swift */ = {isa = PBXFileReference; lastKnownFileType = sourcecode.swift; path = SearchView.swift; sourceTree = "<group>"; };
		64C83A712D830596008E24A4 /* FavoritesView.swift */ = {isa = PBXFileReference; lastKnownFileType = sourcecode.swift; path = FavoritesView.swift; sourceTree = "<group>"; };
		64C83A742D8305A0008E24A4 /* SettingsView.swift */ = {isa = PBXFileReference; lastKnownFileType = sourcecode.swift; path = SettingsView.swift; sourceTree = "<group>"; };
		64C83A772D830D4F008E24A4 /* LargeCell.swift */ = {isa = PBXFileReference; lastKnownFileType = sourcecode.swift; path = LargeCell.swift; sourceTree = "<group>"; };
		64C83A792D830F4E008E24A4 /* CustomScroll.swift */ = {isa = PBXFileReference; lastKnownFileType = sourcecode.swift; path = CustomScroll.swift; sourceTree = "<group>"; };
		64C83A7E2D834FD3008E24A4 /* DataManager.swift */ = {isa = PBXFileReference; lastKnownFileType = sourcecode.swift; path = DataManager.swift; sourceTree = "<group>"; };
		64C83A822D844ADE008E24A4 /* GameDetailView.swift */ = {isa = PBXFileReference; lastKnownFileType = sourcecode.swift; path = GameDetailView.swift; sourceTree = "<group>"; };
		64C83A8A2D885666008E24A4 /* FavoriteGameManager.swift */ = {isa = PBXFileReference; lastKnownFileType = sourcecode.swift; path = FavoriteGameManager.swift; sourceTree = "<group>"; };
		64C83A8C2D897252008E24A4 /* NotificationView.swift */ = {isa = PBXFileReference; lastKnownFileType = sourcecode.swift; path = NotificationView.swift; sourceTree = "<group>"; };
		844EB07A49DCA507432FF880 /* Pods-notificationsvc.release.xcconfig */ = {isa = PBXFileReference; includeInIndex = 1; lastKnownFileType = text.xcconfig; name = "Pods-notificationsvc.release.xcconfig"; path = "Target Support Files/Pods-notificationsvc/Pods-notificationsvc.release.xcconfig"; sourceTree = "<group>"; };
		8DE3A3CBB904E7EF5ACC500E /* Pods-notificationsvc.debug.xcconfig */ = {isa = PBXFileReference; includeInIndex = 1; lastKnownFileType = text.xcconfig; name = "Pods-notificationsvc.debug.xcconfig"; path = "Target Support Files/Pods-notificationsvc/Pods-notificationsvc.debug.xcconfig"; sourceTree = "<group>"; };
		A8532EC6E9937ED9843F3061 /* Pods_notificationsvc.framework */ = {isa = PBXFileReference; explicitFileType = wrapper.framework; includeInIndex = 0; path = Pods_notificationsvc.framework; sourceTree = BUILT_PRODUCTS_DIR; };
		DACBC72E9BBA0A7D1E30DC6A /* Pods-Bway.debug.xcconfig */ = {isa = PBXFileReference; includeInIndex = 1; lastKnownFileType = text.xcconfig; name = "Pods-Bway.debug.xcconfig"; path = "Target Support Files/Pods-Bway/Pods-Bway.debug.xcconfig"; sourceTree = "<group>"; };
/* End PBXFileReference section */

/* Begin PBXFrameworksBuildPhase section */
		646D27C82D8A004E00A21509 /* Frameworks */ = {
			isa = PBXFrameworksBuildPhase;
			buildActionMask = 2147483647;
			files = (
				646D27D92D8A005700A21509 /* SdkPushExpress in Frameworks */,
				48710F172996C223B9E3560C /* Pods_notificationsvc.framework in Frameworks */,
			);
			runOnlyForDeploymentPostprocessing = 0;
		};
		64C83A462D82FBAC008E24A4 /* Frameworks */ = {
			isa = PBXFrameworksBuildPhase;
			buildActionMask = 2147483647;
			files = (
				64C83A862D88564D008E24A4 /* RealmSwift in Frameworks */,
				646D27C32D8A001800A21509 /* FlagsmithClient in Frameworks */,
				646D27C62D8A002300A21509 /* SdkPushExpress in Frameworks */,
				E364D5429EB0F25A119F8BA5 /* Pods_Bway.framework in Frameworks */,
			);
			runOnlyForDeploymentPostprocessing = 0;
		};
/* End PBXFrameworksBuildPhase section */

/* Begin PBXGroup section */
		646D27CC2D8A004E00A21509 /* notificationsvc */ = {
			isa = PBXGroup;
			children = (
				646D27CD2D8A004E00A21509 /* NotificationService.swift */,
				646D27CF2D8A004E00A21509 /* Info.plist */,
			);
			path = notificationsvc;
			sourceTree = "<group>";
		};
		646D27D72D8A005700A21509 /* Frameworks */ = {
			isa = PBXGroup;
			children = (
				45BF5640C23297E26D2EF2D8 /* Pods_Bway.framework */,
				A8532EC6E9937ED9843F3061 /* Pods_notificationsvc.framework */,
			);
			name = Frameworks;
			sourceTree = "<group>";
		};
		646D27DA2D8A014500A21509 /* Init */ = {
			isa = PBXGroup;
			children = (
				646D27DB2D8A014D00A21509 /* InitView.swift */,
			);
			path = Init;
			sourceTree = "<group>";
		};
		64C83A402D82FBAC008E24A4 = {
			isa = PBXGroup;
			children = (
				64C83A4B2D82FBAC008E24A4 /* Bway */,
				646D27CC2D8A004E00A21509 /* notificationsvc */,
				64C83A4A2D82FBAC008E24A4 /* Products */,
				646D27D72D8A005700A21509 /* Frameworks */,
				8F7E39C85131C2AED040E0CA /* Pods */,
			);
			sourceTree = "<group>";
		};
		64C83A4A2D82FBAC008E24A4 /* Products */ = {
			isa = PBXGroup;
			children = (
				64C83A492D82FBAC008E24A4 /* Bway.app */,
				646D27CB2D8A004E00A21509 /* notificationsvc.appex */,
			);
			name = Products;
			sourceTree = "<group>";
		};
		64C83A4B2D82FBAC008E24A4 /* Bway */ = {
			isa = PBXGroup;
			children = (
				646D27DD2D8A01BC00A21509 /* Bway.entitlements */,
				646D27DA2D8A014500A21509 /* Init */,
				64C83A892D885660008E24A4 /* FavoriteGameManager */,
				64C83A812D844ACF008E24A4 /* GameDetail */,
				64C83A802D83549D008E24A4 /* CustomScroll */,
				64C83A7D2D834FC7008E24A4 /* DataManager */,
				64C83A762D830D45008E24A4 /* Components */,
				64C83A732D830599008E24A4 /* Settings */,
				64C83A702D83058E008E24A4 /* Favorites */,
				64C83A6D2D830581008E24A4 /* Search */,
				64C83A6A2D830572008E24A4 /* Random */,
				64C83A672D830567008E24A4 /* Home */,
				64C83A642D82FF5D008E24A4 /* Pages */,
				64C83A612D82FD0A008E24A4 /* Welcome */,
				64C83A602D82FBCA008E24A4 /* Manage */,
				64C83A522D82FBAC008E24A4 /* Main.storyboard */,
				64C83A552D82FBAD008E24A4 /* Assets.xcassets */,
				64C83A572D82FBAD008E24A4 /* LaunchScreen.storyboard */,
				64C83A5A2D82FBAD008E24A4 /* Info.plist */,
			);
			path = Bway;
			sourceTree = "<group>";
		};
		64C83A602D82FBCA008E24A4 /* Manage */ = {
			isa = PBXGroup;
			children = (
				64C83A4C2D82FBAC008E24A4 /* AppDelegate.swift */,
				64C83A4E2D82FBAC008E24A4 /* SceneDelegate.swift */,
				64C83A502D82FBAC008E24A4 /* ViewController.swift */,
			);
			path = Manage;
			sourceTree = "<group>";
		};
		64C83A612D82FD0A008E24A4 /* Welcome */ = {
			isa = PBXGroup;
			children = (
				64C83A622D82FD1F008E24A4 /* WelcomeView.swift */,
			);
			path = Welcome;
			sourceTree = "<group>";
		};
		64C83A642D82FF5D008E24A4 /* Pages */ = {
			isa = PBXGroup;
			children = (
				64C83A652D82FF71008E24A4 /* PagesView.swift */,
			);
			path = Pages;
			sourceTree = "<group>";
		};
		64C83A672D830567008E24A4 /* Home */ = {
			isa = PBXGroup;
			children = (
				64C83A682D83056E008E24A4 /* HomeView.swift */,
				64C83A8C2D897252008E24A4 /* NotificationView.swift */,
			);
			path = Home;
			sourceTree = "<group>";
		};
		64C83A6A2D830572008E24A4 /* Random */ = {
			isa = PBXGroup;
			children = (
				64C83A6B2D83057C008E24A4 /* RandomView.swift */,
			);
			path = Random;
			sourceTree = "<group>";
		};
		64C83A6D2D830581008E24A4 /* Search */ = {
			isa = PBXGroup;
			children = (
				64C83A6E2D830589008E24A4 /* SearchView.swift */,
			);
			path = Search;
			sourceTree = "<group>";
		};
		64C83A702D83058E008E24A4 /* Favorites */ = {
			isa = PBXGroup;
			children = (
				64C83A712D830596008E24A4 /* FavoritesView.swift */,
			);
			path = Favorites;
			sourceTree = "<group>";
		};
		64C83A732D830599008E24A4 /* Settings */ = {
			isa = PBXGroup;
			children = (
				64C83A742D8305A0008E24A4 /* SettingsView.swift */,
			);
			path = Settings;
			sourceTree = "<group>";
		};
		64C83A762D830D45008E24A4 /* Components */ = {
			isa = PBXGroup;
			children = (
				64C83A772D830D4F008E24A4 /* LargeCell.swift */,
			);
			path = Components;
			sourceTree = "<group>";
		};
		64C83A7D2D834FC7008E24A4 /* DataManager */ = {
			isa = PBXGroup;
			children = (
				64C83A7E2D834FD3008E24A4 /* DataManager.swift */,
			);
			path = DataManager;
			sourceTree = "<group>";
		};
		64C83A802D83549D008E24A4 /* CustomScroll */ = {
			isa = PBXGroup;
			children = (
				64C83A792D830F4E008E24A4 /* CustomScroll.swift */,
			);
			path = CustomScroll;
			sourceTree = "<group>";
		};
		64C83A812D844ACF008E24A4 /* GameDetail */ = {
			isa = PBXGroup;
			children = (
				64C83A822D844ADE008E24A4 /* GameDetailView.swift */,
			);
			path = GameDetail;
			sourceTree = "<group>";
		};
		64C83A892D885660008E24A4 /* FavoriteGameManager */ = {
			isa = PBXGroup;
			children = (
				64C83A8A2D885666008E24A4 /* FavoriteGameManager.swift */,
			);
			path = FavoriteGameManager;
			sourceTree = "<group>";
		};
		8F7E39C85131C2AED040E0CA /* Pods */ = {
			isa = PBXGroup;
			children = (
				DACBC72E9BBA0A7D1E30DC6A /* Pods-Bway.debug.xcconfig */,
				1278FB6F9B4FEB94BA67736F /* Pods-Bway.release.xcconfig */,
				8DE3A3CBB904E7EF5ACC500E /* Pods-notificationsvc.debug.xcconfig */,
				844EB07A49DCA507432FF880 /* Pods-notificationsvc.release.xcconfig */,
			);
			path = Pods;
			sourceTree = "<group>";
		};
/* End PBXGroup section */

/* Begin PBXNativeTarget section */
		646D27CA2D8A004E00A21509 /* notificationsvc */ = {
			isa = PBXNativeTarget;
			buildConfigurationList = 646D27D32D8A004E00A21509 /* Build configuration list for PBXNativeTarget "notificationsvc" */;
			buildPhases = (
				818C9FD4CBBB0EF971D92C83 /* [CP] Check Pods Manifest.lock */,
				646D27C72D8A004E00A21509 /* Sources */,
				646D27C82D8A004E00A21509 /* Frameworks */,
				646D27C92D8A004E00A21509 /* Resources */,
			);
			buildRules = (
			);
			dependencies = (
			);
			name = notificationsvc;
			packageProductDependencies = (
				646D27D82D8A005700A21509 /* SdkPushExpress */,
			);
			productName = notificationsvc;
			productReference = 646D27CB2D8A004E00A21509 /* notificationsvc.appex */;
			productType = "com.apple.product-type.app-extension";
		};
		64C83A482D82FBAC008E24A4 /* Bway */ = {
			isa = PBXNativeTarget;
			buildConfigurationList = 64C83A5D2D82FBAD008E24A4 /* Build configuration list for PBXNativeTarget "Bway" */;
			buildPhases = (
				3CAB14B11608C3827064263B /* [CP] Check Pods Manifest.lock */,
				64C83A452D82FBAC008E24A4 /* Sources */,
				64C83A462D82FBAC008E24A4 /* Frameworks */,
				64C83A472D82FBAC008E24A4 /* Resources */,
				64C83A882D885658008E24A4 /* Embed Frameworks */,
				646D27D62D8A004E00A21509 /* Embed Foundation Extensions */,
				911BED2703588875AF7BB5C4 /* [CP] Embed Pods Frameworks */,
			);
			buildRules = (
			);
			dependencies = (
				646D27D12D8A004E00A21509 /* PBXTargetDependency */,
			);
			name = Bway;
			packageProductDependencies = (
				64C83A852D88564D008E24A4 /* RealmSwift */,
				646D27C22D8A001800A21509 /* FlagsmithClient */,
				646D27C52D8A002300A21509 /* SdkPushExpress */,
			);
			productName = Bway;
			productReference = 64C83A492D82FBAC008E24A4 /* Bway.app */;
			productType = "com.apple.product-type.application";
		};
/* End PBXNativeTarget section */

/* Begin PBXProject section */
		64C83A412D82FBAC008E24A4 /* Project object */ = {
			isa = PBXProject;
			attributes = {
				BuildIndependentTargetsInParallel = 1;
				LastSwiftUpdateCheck = 1540;
				LastUpgradeCheck = 1540;
				TargetAttributes = {
					646D27CA2D8A004E00A21509 = {
						CreatedOnToolsVersion = 15.4;
					};
					64C83A482D82FBAC008E24A4 = {
						CreatedOnToolsVersion = 15.4;
					};
				};
			};
			buildConfigurationList = 64C83A442D82FBAC008E24A4 /* Build configuration list for PBXProject "Bway" */;
			compatibilityVersion = "Xcode 14.0";
			developmentRegion = en;
			hasScannedForEncodings = 0;
			knownRegions = (
				en,
				Base,
			);
			mainGroup = 64C83A402D82FBAC008E24A4;
			packageReferences = (
				64C83A842D88564D008E24A4 /* XCRemoteSwiftPackageReference "realm-swift" */,
				646D27C12D8A001800A21509 /* XCRemoteSwiftPackageReference "flagsmith-ios-client" */,
				646D27C42D8A002300A21509 /* XCRemoteSwiftPackageReference "pushexpress-swift-sdk" */,
			);
			productRefGroup = 64C83A4A2D82FBAC008E24A4 /* Products */;
			projectDirPath = "";
			projectRoot = "";
			targets = (
				64C83A482D82FBAC008E24A4 /* Bway */,
				646D27CA2D8A004E00A21509 /* notificationsvc */,
			);
		};
/* End PBXProject section */

/* Begin PBXResourcesBuildPhase section */
		646D27C92D8A004E00A21509 /* Resources */ = {
			isa = PBXResourcesBuildPhase;
			buildActionMask = 2147483647;
			files = (
			);
			runOnlyForDeploymentPostprocessing = 0;
		};
		64C83A472D82FBAC008E24A4 /* Resources */ = {
			isa = PBXResourcesBuildPhase;
			buildActionMask = 2147483647;
			files = (
				64C83A562D82FBAD008E24A4 /* Assets.xcassets in Resources */,
				64C83A592D82FBAD008E24A4 /* Base in Resources */,
				64C83A542D82FBAC008E24A4 /* Base in Resources */,
			);
			runOnlyForDeploymentPostprocessing = 0;
		};
/* End PBXResourcesBuildPhase section */

/* Begin PBXShellScriptBuildPhase section */
		3CAB14B11608C3827064263B /* [CP] Check Pods Manifest.lock */ = {
			isa = PBXShellScriptBuildPhase;
			buildActionMask = 2147483647;
			files = (
			);
			inputFileListPaths = (
			);
			inputPaths = (
				"${PODS_PODFILE_DIR_PATH}/Podfile.lock",
				"${PODS_ROOT}/Manifest.lock",
			);
			name = "[CP] Check Pods Manifest.lock";
			outputFileListPaths = (
			);
			outputPaths = (
				"$(DERIVED_FILE_DIR)/Pods-Bway-checkManifestLockResult.txt",
			);
			runOnlyForDeploymentPostprocessing = 0;
			shellPath = /bin/sh;
			shellScript = "diff \"${PODS_PODFILE_DIR_PATH}/Podfile.lock\" \"${PODS_ROOT}/Manifest.lock\" > /dev/null\nif [ $? != 0 ] ; then\n    # print error to STDERR\n    echo \"error: The sandbox is not in sync with the Podfile.lock. Run 'pod install' or update your CocoaPods installation.\" >&2\n    exit 1\nfi\n# This output is used by Xcode 'outputs' to avoid re-running this script phase.\necho \"SUCCESS\" > \"${SCRIPT_OUTPUT_FILE_0}\"\n";
			showEnvVarsInLog = 0;
		};
		818C9FD4CBBB0EF971D92C83 /* [CP] Check Pods Manifest.lock */ = {
			isa = PBXShellScriptBuildPhase;
			buildActionMask = 2147483647;
			files = (
			);
			inputFileListPaths = (
			);
			inputPaths = (
				"${PODS_PODFILE_DIR_PATH}/Podfile.lock",
				"${PODS_ROOT}/Manifest.lock",
			);
			name = "[CP] Check Pods Manifest.lock";
			outputFileListPaths = (
			);
			outputPaths = (
				"$(DERIVED_FILE_DIR)/Pods-notificationsvc-checkManifestLockResult.txt",
			);
			runOnlyForDeploymentPostprocessing = 0;
			shellPath = /bin/sh;
			shellScript = "diff \"${PODS_PODFILE_DIR_PATH}/Podfile.lock\" \"${PODS_ROOT}/Manifest.lock\" > /dev/null\nif [ $? != 0 ] ; then\n    # print error to STDERR\n    echo \"error: The sandbox is not in sync with the Podfile.lock. Run 'pod install' or update your CocoaPods installation.\" >&2\n    exit 1\nfi\n# This output is used by Xcode 'outputs' to avoid re-running this script phase.\necho \"SUCCESS\" > \"${SCRIPT_OUTPUT_FILE_0}\"\n";
			showEnvVarsInLog = 0;
		};
		911BED2703588875AF7BB5C4 /* [CP] Embed Pods Frameworks */ = {
			isa = PBXShellScriptBuildPhase;
			buildActionMask = 2147483647;
			files = (
			);
			inputFileListPaths = (
				"${PODS_ROOT}/Target Support Files/Pods-Bway/Pods-Bway-frameworks-${CONFIGURATION}-input-files.xcfilelist",
			);
			name = "[CP] Embed Pods Frameworks";
			outputFileListPaths = (
				"${PODS_ROOT}/Target Support Files/Pods-Bway/Pods-Bway-frameworks-${CONFIGURATION}-output-files.xcfilelist",
			);
			runOnlyForDeploymentPostprocessing = 0;
			shellPath = /bin/sh;
			shellScript = "\"${PODS_ROOT}/Target Support Files/Pods-Bway/Pods-Bway-frameworks.sh\"\n";
			showEnvVarsInLog = 0;
		};
/* End PBXShellScriptBuildPhase section */

/* Begin PBXSourcesBuildPhase section */
		646D27C72D8A004E00A21509 /* Sources */ = {
			isa = PBXSourcesBuildPhase;
			buildActionMask = 2147483647;
			files = (
				646D27CE2D8A004E00A21509 /* NotificationService.swift in Sources */,
			);
			runOnlyForDeploymentPostprocessing = 0;
		};
		64C83A452D82FBAC008E24A4 /* Sources */ = {
			isa = PBXSourcesBuildPhase;
			buildActionMask = 2147483647;
			files = (
				64C83A6C2D83057C008E24A4 /* RandomView.swift in Sources */,
				646D27DC2D8A014D00A21509 /* InitView.swift in Sources */,
				64C83A832D844ADE008E24A4 /* GameDetailView.swift in Sources */,
				64C83A512D82FBAC008E24A4 /* ViewController.swift in Sources */,
				64C83A8D2D897252008E24A4 /* NotificationView.swift in Sources */,
				64C83A7A2D830F4E008E24A4 /* CustomScroll.swift in Sources */,
				64C83A7F2D834FD3008E24A4 /* DataManager.swift in Sources */,
				64C83A782D830D4F008E24A4 /* LargeCell.swift in Sources */,
				64C83A4D2D82FBAC008E24A4 /* AppDelegate.swift in Sources */,
				64C83A4F2D82FBAC008E24A4 /* SceneDelegate.swift in Sources */,
				64C83A6F2D830589008E24A4 /* SearchView.swift in Sources */,
				64C83A752D8305A0008E24A4 /* SettingsView.swift in Sources */,
				64C83A692D83056E008E24A4 /* HomeView.swift in Sources */,
				64C83A662D82FF71008E24A4 /* PagesView.swift in Sources */,
				64C83A632D82FD1F008E24A4 /* WelcomeView.swift in Sources */,
				64C83A722D830596008E24A4 /* FavoritesView.swift in Sources */,
				64C83A8B2D885666008E24A4 /* FavoriteGameManager.swift in Sources */,
			);
			runOnlyForDeploymentPostprocessing = 0;
		};
/* End PBXSourcesBuildPhase section */

/* Begin PBXTargetDependency section */
		646D27D12D8A004E00A21509 /* PBXTargetDependency */ = {
			isa = PBXTargetDependency;
			target = 646D27CA2D8A004E00A21509 /* notificationsvc */;
			targetProxy = 646D27D02D8A004E00A21509 /* PBXContainerItemProxy */;
		};
/* End PBXTargetDependency section */

/* Begin PBXVariantGroup section */
		64C83A522D82FBAC008E24A4 /* Main.storyboard */ = {
			isa = PBXVariantGroup;
			children = (
				64C83A532D82FBAC008E24A4 /* Base */,
			);
			name = Main.storyboard;
			sourceTree = "<group>";
		};
		64C83A572D82FBAD008E24A4 /* LaunchScreen.storyboard */ = {
			isa = PBXVariantGroup;
			children = (
				64C83A582D82FBAD008E24A4 /* Base */,
			);
			name = LaunchScreen.storyboard;
			sourceTree = "<group>";
		};
/* End PBXVariantGroup section */

/* Begin XCBuildConfiguration section */
		646D27D42D8A004E00A21509 /* Debug */ = {
			isa = XCBuildConfiguration;
			baseConfigurationReference = 8DE3A3CBB904E7EF5ACC500E /* Pods-notificationsvc.debug.xcconfig */;
			buildSettings = {
				CODE_SIGN_STYLE = Automatic;
				CURRENT_PROJECT_VERSION = 1;
				DEVELOPMENT_TEAM = "";
				GENERATE_INFOPLIST_FILE = YES;
				INFOPLIST_FILE = notificationsvc/Info.plist;
				INFOPLIST_KEY_CFBundleDisplayName = notificationsvc;
				INFOPLIST_KEY_NSHumanReadableCopyright = "";
				LD_RUNPATH_SEARCH_PATHS = (
					"$(inherited)",
					"@executable_path/Frameworks",
					"@executable_path/../../Frameworks",
				);
				MARKETING_VERSION = 1.0;
				PRODUCT_BUNDLE_IDENTIFIER = com.BwayRules.notificationsvc;
				PRODUCT_NAME = "$(TARGET_NAME)";
				SKIP_INSTALL = YES;
				SWIFT_EMIT_LOC_STRINGS = YES;
				SWIFT_VERSION = 5.0;
				TARGETED_DEVICE_FAMILY = "1,2";
			};
			name = Debug;
		};
		646D27D52D8A004E00A21509 /* Release */ = {
			isa = XCBuildConfiguration;
			baseConfigurationReference = 844EB07A49DCA507432FF880 /* Pods-notificationsvc.release.xcconfig */;
			buildSettings = {
				CODE_SIGN_STYLE = Automatic;
				CURRENT_PROJECT_VERSION = 1;
				DEVELOPMENT_TEAM = "";
				GENERATE_INFOPLIST_FILE = YES;
				INFOPLIST_FILE = notificationsvc/Info.plist;
				INFOPLIST_KEY_CFBundleDisplayName = notificationsvc;
				INFOPLIST_KEY_NSHumanReadableCopyright = "";
				LD_RUNPATH_SEARCH_PATHS = (
					"$(inherited)",
					"@executable_path/Frameworks",
					"@executable_path/../../Frameworks",
				);
				MARKETING_VERSION = 1.0;
				PRODUCT_BUNDLE_IDENTIFIER = com.BwayRules.notificationsvc;
				PRODUCT_NAME = "$(TARGET_NAME)";
				SKIP_INSTALL = YES;
				SWIFT_EMIT_LOC_STRINGS = YES;
				SWIFT_VERSION = 5.0;
				TARGETED_DEVICE_FAMILY = "1,2";
			};
			name = Release;
		};
		64C83A5B2D82FBAD008E24A4 /* Debug */ = {
			isa = XCBuildConfiguration;
			buildSettings = {
				ALWAYS_SEARCH_USER_PATHS = NO;
				ASSETCATALOG_COMPILER_GENERATE_SWIFT_ASSET_SYMBOL_EXTENSIONS = YES;
				CLANG_ANALYZER_NONNULL = YES;
				CLANG_ANALYZER_NUMBER_OBJECT_CONVERSION = YES_AGGRESSIVE;
				CLANG_CXX_LANGUAGE_STANDARD = "gnu++20";
				CLANG_ENABLE_MODULES = YES;
				CLANG_ENABLE_OBJC_ARC = YES;
				CLANG_ENABLE_OBJC_WEAK = YES;
				CLANG_WARN_BLOCK_CAPTURE_AUTORELEASING = YES;
				CLANG_WARN_BOOL_CONVERSION = YES;
				CLANG_WARN_COMMA = YES;
				CLANG_WARN_CONSTANT_CONVERSION = YES;
				CLANG_WARN_DEPRECATED_OBJC_IMPLEMENTATIONS = YES;
				CLANG_WARN_DIRECT_OBJC_ISA_USAGE = YES_ERROR;
				CLANG_WARN_DOCUMENTATION_COMMENTS = YES;
				CLANG_WARN_EMPTY_BODY = YES;
				CLANG_WARN_ENUM_CONVERSION = YES;
				CLANG_WARN_INFINITE_RECURSION = YES;
				CLANG_WARN_INT_CONVERSION = YES;
				CLANG_WARN_NON_LITERAL_NULL_CONVERSION = YES;
				CLANG_WARN_OBJC_IMPLICIT_RETAIN_SELF = YES;
				CLANG_WARN_OBJC_LITERAL_CONVERSION = YES;
				CLANG_WARN_OBJC_ROOT_CLASS = YES_ERROR;
				CLANG_WARN_QUOTED_INCLUDE_IN_FRAMEWORK_HEADER = YES;
				CLANG_WARN_RANGE_LOOP_ANALYSIS = YES;
				CLANG_WARN_STRICT_PROTOTYPES = YES;
				CLANG_WARN_SUSPICIOUS_MOVE = YES;
				CLANG_WARN_UNGUARDED_AVAILABILITY = YES_AGGRESSIVE;
				CLANG_WARN_UNREACHABLE_CODE = YES;
				CLANG_WARN__DUPLICATE_METHOD_MATCH = YES;
				COPY_PHASE_STRIP = NO;
				DEBUG_INFORMATION_FORMAT = dwarf;
				ENABLE_STRICT_OBJC_MSGSEND = YES;
				ENABLE_TESTABILITY = YES;
				ENABLE_USER_SCRIPT_SANDBOXING = YES;
				GCC_C_LANGUAGE_STANDARD = gnu17;
				GCC_DYNAMIC_NO_PIC = NO;
				GCC_NO_COMMON_BLOCKS = YES;
				GCC_OPTIMIZATION_LEVEL = 0;
				GCC_PREPROCESSOR_DEFINITIONS = (
					"DEBUG=1",
					"$(inherited)",
				);
				GCC_WARN_64_TO_32_BIT_CONVERSION = YES;
				GCC_WARN_ABOUT_RETURN_TYPE = YES_ERROR;
				GCC_WARN_UNDECLARED_SELECTOR = YES;
				GCC_WARN_UNINITIALIZED_AUTOS = YES_AGGRESSIVE;
				GCC_WARN_UNUSED_FUNCTION = YES;
				GCC_WARN_UNUSED_VARIABLE = YES;
				IPHONEOS_DEPLOYMENT_TARGET = 17.5;
				LOCALIZATION_PREFERS_STRING_CATALOGS = YES;
				MTL_ENABLE_DEBUG_INFO = INCLUDE_SOURCE;
				MTL_FAST_MATH = YES;
				ONLY_ACTIVE_ARCH = YES;
				SDKROOT = iphoneos;
				SWIFT_ACTIVE_COMPILATION_CONDITIONS = "DEBUG $(inherited)";
				SWIFT_OPTIMIZATION_LEVEL = "-Onone";
			};
			name = Debug;
		};
		64C83A5C2D82FBAD008E24A4 /* Release */ = {
			isa = XCBuildConfiguration;
			buildSettings = {
				ALWAYS_SEARCH_USER_PATHS = NO;
				ASSETCATALOG_COMPILER_GENERATE_SWIFT_ASSET_SYMBOL_EXTENSIONS = YES;
				CLANG_ANALYZER_NONNULL = YES;
				CLANG_ANALYZER_NUMBER_OBJECT_CONVERSION = YES_AGGRESSIVE;
				CLANG_CXX_LANGUAGE_STANDARD = "gnu++20";
				CLANG_ENABLE_MODULES = YES;
				CLANG_ENABLE_OBJC_ARC = YES;
				CLANG_ENABLE_OBJC_WEAK = YES;
				CLANG_WARN_BLOCK_CAPTURE_AUTORELEASING = YES;
				CLANG_WARN_BOOL_CONVERSION = YES;
				CLANG_WARN_COMMA = YES;
				CLANG_WARN_CONSTANT_CONVERSION = YES;
				CLANG_WARN_DEPRECATED_OBJC_IMPLEMENTATIONS = YES;
				CLANG_WARN_DIRECT_OBJC_ISA_USAGE = YES_ERROR;
				CLANG_WARN_DOCUMENTATION_COMMENTS = YES;
				CLANG_WARN_EMPTY_BODY = YES;
				CLANG_WARN_ENUM_CONVERSION = YES;
				CLANG_WARN_INFINITE_RECURSION = YES;
				CLANG_WARN_INT_CONVERSION = YES;
				CLANG_WARN_NON_LITERAL_NULL_CONVERSION = YES;
				CLANG_WARN_OBJC_IMPLICIT_RETAIN_SELF = YES;
				CLANG_WARN_OBJC_LITERAL_CONVERSION = YES;
				CLANG_WARN_OBJC_ROOT_CLASS = YES_ERROR;
				CLANG_WARN_QUOTED_INCLUDE_IN_FRAMEWORK_HEADER = YES;
				CLANG_WARN_RANGE_LOOP_ANALYSIS = YES;
				CLANG_WARN_STRICT_PROTOTYPES = YES;
				CLANG_WARN_SUSPICIOUS_MOVE = YES;
				CLANG_WARN_UNGUARDED_AVAILABILITY = YES_AGGRESSIVE;
				CLANG_WARN_UNREACHABLE_CODE = YES;
				CLANG_WARN__DUPLICATE_METHOD_MATCH = YES;
				COPY_PHASE_STRIP = NO;
				DEBUG_INFORMATION_FORMAT = "dwarf-with-dsym";
				ENABLE_NS_ASSERTIONS = NO;
				ENABLE_STRICT_OBJC_MSGSEND = YES;
				ENABLE_USER_SCRIPT_SANDBOXING = YES;
				GCC_C_LANGUAGE_STANDARD = gnu17;
				GCC_NO_COMMON_BLOCKS = YES;
				GCC_WARN_64_TO_32_BIT_CONVERSION = YES;
				GCC_WARN_ABOUT_RETURN_TYPE = YES_ERROR;
				GCC_WARN_UNDECLARED_SELECTOR = YES;
				GCC_WARN_UNINITIALIZED_AUTOS = YES_AGGRESSIVE;
				GCC_WARN_UNUSED_FUNCTION = YES;
				GCC_WARN_UNUSED_VARIABLE = YES;
				IPHONEOS_DEPLOYMENT_TARGET = 17.5;
				LOCALIZATION_PREFERS_STRING_CATALOGS = YES;
				MTL_ENABLE_DEBUG_INFO = NO;
				MTL_FAST_MATH = YES;
				SDKROOT = iphoneos;
				SWIFT_COMPILATION_MODE = wholemodule;
				VALIDATE_PRODUCT = YES;
			};
			name = Release;
		};
		64C83A5E2D82FBAD008E24A4 /* Debug */ = {
			isa = XCBuildConfiguration;
			baseConfigurationReference = DACBC72E9BBA0A7D1E30DC6A /* Pods-Bway.debug.xcconfig */;
			buildSettings = {
				ALWAYS_EMBED_SWIFT_STANDARD_LIBRARIES = YES;
				ASSETCATALOG_COMPILER_APPICON_NAME = AppIcon;
				ASSETCATALOG_COMPILER_GLOBAL_ACCENT_COLOR_NAME = AccentColor;
				CODE_SIGN_ENTITLEMENTS = Bway/Bway.entitlements;
				CODE_SIGN_STYLE = Manual;
				CURRENT_PROJECT_VERSION = 1;
				DEVELOPMENT_TEAM = "";
				ENABLE_USER_SCRIPT_SANDBOXING = NO;
				GENERATE_INFOPLIST_FILE = YES;
				INFOPLIST_FILE = Bway/Info.plist;
				INFOPLIST_KEY_CFBundleDisplayName = bway;
				INFOPLIST_KEY_UIApplicationSupportsIndirectInputEvents = YES;
				INFOPLIST_KEY_UILaunchStoryboardName = LaunchScreen;
				INFOPLIST_KEY_UIMainStoryboardFile = Main;
				INFOPLIST_KEY_UISupportedInterfaceOrientations_iPad = "UIInterfaceOrientationPortrait UIInterfaceOrientationPortraitUpsideDown UIInterfaceOrientationLandscapeLeft UIInterfaceOrientationLandscapeRight";
				INFOPLIST_KEY_UISupportedInterfaceOrientations_iPhone = "UIInterfaceOrientationPortrait UIInterfaceOrientationLandscapeLeft UIInterfaceOrientationLandscapeRight";
				IPHONEOS_DEPLOYMENT_TARGET = 16.0;
				LD_RUNPATH_SEARCH_PATHS = (
					"$(inherited)",
					"@executable_path/Frameworks",
				);
				MARKETING_VERSION = 1.0.1;
				PRODUCT_BUNDLE_IDENTIFIER = com.BwayRules;
				PRODUCT_NAME = "$(TARGET_NAME)";
				PROVISIONING_PROFILE_SPECIFIER = "";
				SUPPORTED_PLATFORMS = "iphoneos iphonesimulator";
				SUPPORTS_MACCATALYST = NO;
				SUPPORTS_MAC_DESIGNED_FOR_IPHONE_IPAD = NO;
				SUPPORTS_XR_DESIGNED_FOR_IPHONE_IPAD = NO;
				SWIFT_EMIT_LOC_STRINGS = YES;
				SWIFT_VERSION = 5.0;
				TARGETED_DEVICE_FAMILY = 1;
			};
			name = Debug;
		};
		64C83A5F2D82FBAD008E24A4 /* Release */ = {
			isa = XCBuildConfiguration;
			baseConfigurationReference = 1278FB6F9B4FEB94BA67736F /* Pods-Bway.release.xcconfig */;
			buildSettings = {
				ALWAYS_EMBED_SWIFT_STANDARD_LIBRARIES = YES;
				ASSETCATALOG_COMPILER_APPICON_NAME = AppIcon;
				ASSETCATALOG_COMPILER_GLOBAL_ACCENT_COLOR_NAME = AccentColor;
				CODE_SIGN_ENTITLEMENTS = Bway/Bway.entitlements;
				CODE_SIGN_STYLE = Manual;
				CURRENT_PROJECT_VERSION = 1;
				DEVELOPMENT_TEAM = "";
				ENABLE_USER_SCRIPT_SANDBOXING = NO;
				GENERATE_INFOPLIST_FILE = YES;
				INFOPLIST_FILE = Bway/Info.plist;
				INFOPLIST_KEY_CFBundleDisplayName = bway;
				INFOPLIST_KEY_UIApplicationSupportsIndirectInputEvents = YES;
				INFOPLIST_KEY_UILaunchStoryboardName = LaunchScreen;
				INFOPLIST_KEY_UIMainStoryboardFile = Main;
				INFOPLIST_KEY_UISupportedInterfaceOrientations_iPad = "UIInterfaceOrientationPortrait UIInterfaceOrientationPortraitUpsideDown UIInterfaceOrientationLandscapeLeft UIInterfaceOrientationLandscapeRight";
				INFOPLIST_KEY_UISupportedInterfaceOrientations_iPhone = "UIInterfaceOrientationPortrait UIInterfaceOrientationLandscapeLeft UIInterfaceOrientationLandscapeRight";
				IPHONEOS_DEPLOYMENT_TARGET = 16.0;
				LD_RUNPATH_SEARCH_PATHS = (
					"$(inherited)",
					"@executable_path/Frameworks",
				);
				MARKETING_VERSION = 1.0.1;
				PRODUCT_BUNDLE_IDENTIFIER = com.BwayRules;
				PRODUCT_NAME = "$(TARGET_NAME)";
				PROVISIONING_PROFILE_SPECIFIER = "";
				SUPPORTED_PLATFORMS = "iphoneos iphonesimulator";
				SUPPORTS_MACCATALYST = NO;
				SUPPORTS_MAC_DESIGNED_FOR_IPHONE_IPAD = NO;
				SUPPORTS_XR_DESIGNED_FOR_IPHONE_IPAD = NO;
				SWIFT_EMIT_LOC_STRINGS = YES;
				SWIFT_VERSION = 5.0;
				TARGETED_DEVICE_FAMILY = 1;
			};
			name = Release;
		};
/* End XCBuildConfiguration section */

/* Begin XCConfigurationList section */
		646D27D32D8A004E00A21509 /* Build configuration list for PBXNativeTarget "notificationsvc" */ = {
			isa = XCConfigurationList;
			buildConfigurations = (
				646D27D42D8A004E00A21509 /* Debug */,
				646D27D52D8A004E00A21509 /* Release */,
			);
			defaultConfigurationIsVisible = 0;
			defaultConfigurationName = Release;
		};
		64C83A442D82FBAC008E24A4 /* Build configuration list for PBXProject "Bway" */ = {
			isa = XCConfigurationList;
			buildConfigurations = (
				64C83A5B2D82FBAD008E24A4 /* Debug */,
				64C83A5C2D82FBAD008E24A4 /* Release */,
			);
			defaultConfigurationIsVisible = 0;
			defaultConfigurationName = Release;
		};
		64C83A5D2D82FBAD008E24A4 /* Build configuration list for PBXNativeTarget "Bway" */ = {
			isa = XCConfigurationList;
			buildConfigurations = (
				64C83A5E2D82FBAD008E24A4 /* Debug */,
				64C83A5F2D82FBAD008E24A4 /* Release */,
			);
			defaultConfigurationIsVisible = 0;
			defaultConfigurationName = Release;
		};
/* End XCConfigurationList section */

/* Begin XCRemoteSwiftPackageReference section */
		646D27C12D8A001800A21509 /* XCRemoteSwiftPackageReference "flagsmith-ios-client" */ = {
			isa = XCRemoteSwiftPackageReference;
			repositoryURL = "https://github.com/Flagsmith/flagsmith-ios-client.git";
			requirement = {
				kind = upToNextMajorVersion;
				minimumVersion = 3.8.1;
			};
		};
		646D27C42D8A002300A21509 /* XCRemoteSwiftPackageReference "pushexpress-swift-sdk" */ = {
			isa = XCRemoteSwiftPackageReference;
			repositoryURL = "https://github.com/pushexpress/pushexpress-swift-sdk";
			requirement = {
				branch = main;
				kind = branch;
			};
		};
		64C83A842D88564D008E24A4 /* XCRemoteSwiftPackageReference "realm-swift" */ = {
			isa = XCRemoteSwiftPackageReference;
			repositoryURL = "https://github.com/realm/realm-swift";
			requirement = {
				branch = master;
				kind = branch;
			};
		};
/* End XCRemoteSwiftPackageReference section */

/* Begin XCSwiftPackageProductDependency section */
		646D27C22D8A001800A21509 /* FlagsmithClient */ = {
			isa = XCSwiftPackageProductDependency;
			package = 646D27C12D8A001800A21509 /* XCRemoteSwiftPackageReference "flagsmith-ios-client" */;
			productName = FlagsmithClient;
		};
		646D27C52D8A002300A21509 /* SdkPushExpress */ = {
			isa = XCSwiftPackageProductDependency;
			package = 646D27C42D8A002300A21509 /* XCRemoteSwiftPackageReference "pushexpress-swift-sdk" */;
			productName = SdkPushExpress;
		};
		646D27D82D8A005700A21509 /* SdkPushExpress */ = {
			isa = XCSwiftPackageProductDependency;
			package = 646D27C42D8A002300A21509 /* XCRemoteSwiftPackageReference "pushexpress-swift-sdk" */;
			productName = SdkPushExpress;
		};
		64C83A852D88564D008E24A4 /* RealmSwift */ = {
			isa = XCSwiftPackageProductDependency;
			package = 64C83A842D88564D008E24A4 /* XCRemoteSwiftPackageReference "realm-swift" */;
			productName = RealmSwift;
		};
/* End XCSwiftPackageProductDependency section */
	};
	rootObject = 64C83A412D82FBAC008E24A4 /* Project object */;
}
